// !$*UTF8*$!
{
	archiveVersion = 1;
	classes = {
	};
	objectVersion = 46;
	objects = {

/* Begin PBXBuildFile section */
		E764704118F53A6200DECAA4 /* Foundation.framework in Frameworks */ = {isa = PBXBuildFile; fileRef = E764704018F53A6200DECAA4 /* Foundation.framework */; };
		E764704318F53A6200DECAA4 /* CoreGraphics.framework in Frameworks */ = {isa = PBXBuildFile; fileRef = E764704218F53A6200DECAA4 /* CoreGraphics.framework */; };
		E764704518F53A6200DECAA4 /* UIKit.framework in Frameworks */ = {isa = PBXBuildFile; fileRef = E764704418F53A6200DECAA4 /* UIKit.framework */; };
		E764704B18F53A6200DECAA4 /* InfoPlist.strings in Resources */ = {isa = PBXBuildFile; fileRef = E764704918F53A6200DECAA4 /* InfoPlist.strings */; };
		E764704D18F53A6200DECAA4 /* main.m in Sources */ = {isa = PBXBuildFile; fileRef = E764704C18F53A6200DECAA4 /* main.m */; };
		E764705118F53A6200DECAA4 /* HEZAppDelegate.m in Sources */ = {isa = PBXBuildFile; fileRef = E764705018F53A6200DECAA4 /* HEZAppDelegate.m */; };
		E764705318F53A6200DECAA4 /* Images.xcassets in Resources */ = {isa = PBXBuildFile; fileRef = E764705218F53A6200DECAA4 /* Images.xcassets */; };
		E764705A18F53A6200DECAA4 /* XCTest.framework in Frameworks */ = {isa = PBXBuildFile; fileRef = E764705918F53A6200DECAA4 /* XCTest.framework */; };
		E764705B18F53A6200DECAA4 /* Foundation.framework in Frameworks */ = {isa = PBXBuildFile; fileRef = E764704018F53A6200DECAA4 /* Foundation.framework */; };
		E764705C18F53A6200DECAA4 /* UIKit.framework in Frameworks */ = {isa = PBXBuildFile; fileRef = E764704418F53A6200DECAA4 /* UIKit.framework */; };
		E764706418F53A6200DECAA4 /* InfoPlist.strings in Resources */ = {isa = PBXBuildFile; fileRef = E764706218F53A6200DECAA4 /* InfoPlist.strings */; };
		E764706618F53A6200DECAA4 /* HEZDynamicPropertiesDemoTests.m in Sources */ = {isa = PBXBuildFile; fileRef = E764706518F53A6200DECAA4 /* HEZDynamicPropertiesDemoTests.m */; };
		E764707118F53B2300DECAA4 /* HEZPropertiesStore.m in Sources */ = {isa = PBXBuildFile; fileRef = E764707018F53B2300DECAA4 /* HEZPropertiesStore.m */; };
		E764707418F53B3900DECAA4 /* HEZPropertiesCategory.m in Sources */ = {isa = PBXBuildFile; fileRef = E764707318F53B3900DECAA4 /* HEZPropertiesCategory.m */; };
		E764707718F53BAF00DECAA4 /* HEZPropertiesCollection.m in Sources */ = {isa = PBXBuildFile; fileRef = E764707618F53BAF00DECAA4 /* HEZPropertiesCollection.m */; };
		E764707A18F53BCD00DECAA4 /* HEZProperty.m in Sources */ = {isa = PBXBuildFile; fileRef = E764707918F53BCD00DECAA4 /* HEZProperty.m */; };
		E764708018F5767700DECAA4 /* HEZPropertyBindObserver.m in Sources */ = {isa = PBXBuildFile; fileRef = E764707F18F5767700DECAA4 /* HEZPropertyBindObserver.m */; };
/* End PBXBuildFile section */

/* Begin PBXContainerItemProxy section */
		E764705D18F53A6200DECAA4 /* PBXContainerItemProxy */ = {
			isa = PBXContainerItemProxy;
			containerPortal = E764703518F53A6200DECAA4 /* Project object */;
			proxyType = 1;
			remoteGlobalIDString = E764703C18F53A6200DECAA4;
			remoteInfo = HEZDynamicPropertiesDemo;
		};
/* End PBXContainerItemProxy section */

/* Begin PBXFileReference section */
		E764703D18F53A6200DECAA4 /* HEZDynamicPropertiesDemo.app */ = {isa = PBXFileReference; explicitFileType = wrapper.application; includeInIndex = 0; path = HEZDynamicPropertiesDemo.app; sourceTree = BUILT_PRODUCTS_DIR; };
		E764704018F53A6200DECAA4 /* Foundation.framework */ = {isa = PBXFileReference; lastKnownFileType = wrapper.framework; name = Foundation.framework; path = System/Library/Frameworks/Foundation.framework; sourceTree = SDKROOT; };
		E764704218F53A6200DECAA4 /* CoreGraphics.framework */ = {isa = PBXFileReference; lastKnownFileType = wrapper.framework; name = CoreGraphics.framework; path = System/Library/Frameworks/CoreGraphics.framework; sourceTree = SDKROOT; };
		E764704418F53A6200DECAA4 /* UIKit.framework */ = {isa = PBXFileReference; lastKnownFileType = wrapper.framework; name = UIKit.framework; path = System/Library/Frameworks/UIKit.framework; sourceTree = SDKROOT; };
		E764704818F53A6200DECAA4 /* HEZDynamicPropertiesDemo-Info.plist */ = {isa = PBXFileReference; lastKnownFileType = text.plist.xml; path = "HEZDynamicPropertiesDemo-Info.plist"; sourceTree = "<group>"; };
		E764704A18F53A6200DECAA4 /* en */ = {isa = PBXFileReference; lastKnownFileType = text.plist.strings; name = en; path = en.lproj/InfoPlist.strings; sourceTree = "<group>"; };
		E764704C18F53A6200DECAA4 /* main.m */ = {isa = PBXFileReference; lastKnownFileType = sourcecode.c.objc; path = main.m; sourceTree = "<group>"; };
		E764704E18F53A6200DECAA4 /* HEZDynamicPropertiesDemo-Prefix.pch */ = {isa = PBXFileReference; lastKnownFileType = sourcecode.c.h; path = "HEZDynamicPropertiesDemo-Prefix.pch"; sourceTree = "<group>"; };
		E764704F18F53A6200DECAA4 /* HEZAppDelegate.h */ = {isa = PBXFileReference; lastKnownFileType = sourcecode.c.h; path = HEZAppDelegate.h; sourceTree = "<group>"; };
		E764705018F53A6200DECAA4 /* HEZAppDelegate.m */ = {isa = PBXFileReference; lastKnownFileType = sourcecode.c.objc; path = HEZAppDelegate.m; sourceTree = "<group>"; };
		E764705218F53A6200DECAA4 /* Images.xcassets */ = {isa = PBXFileReference; lastKnownFileType = folder.assetcatalog; path = Images.xcassets; sourceTree = "<group>"; };
		E764705818F53A6200DECAA4 /* HEZDynamicPropertiesDemoTests.xctest */ = {isa = PBXFileReference; explicitFileType = wrapper.cfbundle; includeInIndex = 0; path = HEZDynamicPropertiesDemoTests.xctest; sourceTree = BUILT_PRODUCTS_DIR; };
		E764705918F53A6200DECAA4 /* XCTest.framework */ = {isa = PBXFileReference; lastKnownFileType = wrapper.framework; name = XCTest.framework; path = Library/Frameworks/XCTest.framework; sourceTree = DEVELOPER_DIR; };
		E764706118F53A6200DECAA4 /* HEZDynamicPropertiesDemoTests-Info.plist */ = {isa = PBXFileReference; lastKnownFileType = text.plist.xml; path = "HEZDynamicPropertiesDemoTests-Info.plist"; sourceTree = "<group>"; };
		E764706318F53A6200DECAA4 /* en */ = {isa = PBXFileReference; lastKnownFileType = text.plist.strings; name = en; path = en.lproj/InfoPlist.strings; sourceTree = "<group>"; };
		E764706518F53A6200DECAA4 /* HEZDynamicPropertiesDemoTests.m */ = {isa = PBXFileReference; lastKnownFileType = sourcecode.c.objc; path = HEZDynamicPropertiesDemoTests.m; sourceTree = "<group>"; };
		E764706F18F53B2300DECAA4 /* HEZPropertiesStore.h */ = {isa = PBXFileReference; fileEncoding = 4; lastKnownFileType = sourcecode.c.h; name = HEZPropertiesStore.h; path = HEZDynamicProperties/HEZPropertiesStore.h; sourceTree = "<group>"; };
		E764707018F53B2300DECAA4 /* HEZPropertiesStore.m */ = {isa = PBXFileReference; fileEncoding = 4; lastKnownFileType = sourcecode.c.objc; name = HEZPropertiesStore.m; path = HEZDynamicProperties/HEZPropertiesStore.m; sourceTree = "<group>"; };
		E764707218F53B3900DECAA4 /* HEZPropertiesCategory.h */ = {isa = PBXFileReference; fileEncoding = 4; lastKnownFileType = sourcecode.c.h; name = HEZPropertiesCategory.h; path = HEZDynamicProperties/HEZPropertiesCategory.h; sourceTree = "<group>"; };
		E764707318F53B3900DECAA4 /* HEZPropertiesCategory.m */ = {isa = PBXFileReference; fileEncoding = 4; lastKnownFileType = sourcecode.c.objc; name = HEZPropertiesCategory.m; path = HEZDynamicProperties/HEZPropertiesCategory.m; sourceTree = "<group>"; };
		E764707518F53BAF00DECAA4 /* HEZPropertiesCollection.h */ = {isa = PBXFileReference; fileEncoding = 4; lastKnownFileType = sourcecode.c.h; name = HEZPropertiesCollection.h; path = HEZDynamicProperties/HEZPropertiesCollection.h; sourceTree = "<group>"; };
		E764707618F53BAF00DECAA4 /* HEZPropertiesCollection.m */ = {isa = PBXFileReference; fileEncoding = 4; lastKnownFileType = sourcecode.c.objc; name = HEZPropertiesCollection.m; path = HEZDynamicProperties/HEZPropertiesCollection.m; sourceTree = "<group>"; };
		E764707818F53BCC00DECAA4 /* HEZProperty.h */ = {isa = PBXFileReference; fileEncoding = 4; lastKnownFileType = sourcecode.c.h; name = HEZProperty.h; path = HEZDynamicProperties/HEZProperty.h; sourceTree = "<group>"; };
		E764707918F53BCD00DECAA4 /* HEZProperty.m */ = {isa = PBXFileReference; fileEncoding = 4; lastKnownFileType = sourcecode.c.objc; name = HEZProperty.m; path = HEZDynamicProperties/HEZProperty.m; sourceTree = "<group>"; };
		E764707D18F56A4000DECAA4 /* HEZProperties.h */ = {isa = PBXFileReference; fileEncoding = 4; lastKnownFileType = sourcecode.c.h; name = HEZProperties.h; path = HEZDynamicProperties/HEZProperties.h; sourceTree = "<group>"; };
		E764707E18F5767700DECAA4 /* HEZPropertyBindObserver.h */ = {isa = PBXFileReference; fileEncoding = 4; lastKnownFileType = sourcecode.c.h; name = HEZPropertyBindObserver.h; path = HEZDynamicProperties/HEZPropertyBindObserver.h; sourceTree = "<group>"; };
		E764707F18F5767700DECAA4 /* HEZPropertyBindObserver.m */ = {isa = PBXFileReference; fileEncoding = 4; lastKnownFileType = sourcecode.c.objc; name = HEZPropertyBindObserver.m; path = HEZDynamicProperties/HEZPropertyBindObserver.m; sourceTree = "<group>"; };
/* End PBXFileReference section */

/* Begin PBXFrameworksBuildPhase section */
		E764703A18F53A6200DECAA4 /* Frameworks */ = {
			isa = PBXFrameworksBuildPhase;
			buildActionMask = 2147483647;
			files = (
				E764704318F53A6200DECAA4 /* CoreGraphics.framework in Frameworks */,
				E764704518F53A6200DECAA4 /* UIKit.framework in Frameworks */,
				E764704118F53A6200DECAA4 /* Foundation.framework in Frameworks */,
			);
			runOnlyForDeploymentPostprocessing = 0;
		};
		E764705518F53A6200DECAA4 /* Frameworks */ = {
			isa = PBXFrameworksBuildPhase;
			buildActionMask = 2147483647;
			files = (
				E764705A18F53A6200DECAA4 /* XCTest.framework in Frameworks */,
				E764705C18F53A6200DECAA4 /* UIKit.framework in Frameworks */,
				E764705B18F53A6200DECAA4 /* Foundation.framework in Frameworks */,
			);
			runOnlyForDeploymentPostprocessing = 0;
		};
/* End PBXFrameworksBuildPhase section */

/* Begin PBXGroup section */
		E764703418F53A6200DECAA4 = {
			isa = PBXGroup;
			children = (
				E764704618F53A6200DECAA4 /* HEZDynamicPropertiesDemo */,
				E764705F18F53A6200DECAA4 /* HEZDynamicPropertiesDemoTests */,
				E764703F18F53A6200DECAA4 /* Frameworks */,
				E764703E18F53A6200DECAA4 /* Products */,
			);
			sourceTree = "<group>";
		};
		E764703E18F53A6200DECAA4 /* Products */ = {
			isa = PBXGroup;
			children = (
				E764703D18F53A6200DECAA4 /* HEZDynamicPropertiesDemo.app */,
				E764705818F53A6200DECAA4 /* HEZDynamicPropertiesDemoTests.xctest */,
			);
			name = Products;
			sourceTree = "<group>";
		};
		E764703F18F53A6200DECAA4 /* Frameworks */ = {
			isa = PBXGroup;
			children = (
				E764704018F53A6200DECAA4 /* Foundation.framework */,
				E764704218F53A6200DECAA4 /* CoreGraphics.framework */,
				E764704418F53A6200DECAA4 /* UIKit.framework */,
				E764705918F53A6200DECAA4 /* XCTest.framework */,
			);
			name = Frameworks;
			sourceTree = "<group>";
		};
		E764704618F53A6200DECAA4 /* HEZDynamicPropertiesDemo */ = {
			isa = PBXGroup;
			children = (
				E764704F18F53A6200DECAA4 /* HEZAppDelegate.h */,
				E764705018F53A6200DECAA4 /* HEZAppDelegate.m */,
				E764705218F53A6200DECAA4 /* Images.xcassets */,
				E764704718F53A6200DECAA4 /* Supporting Files */,
				E764707D18F56A4000DECAA4 /* HEZProperties.h */,
				E764706F18F53B2300DECAA4 /* HEZPropertiesStore.h */,
				E764707018F53B2300DECAA4 /* HEZPropertiesStore.m */,
				E764707218F53B3900DECAA4 /* HEZPropertiesCategory.h */,
				E764707318F53B3900DECAA4 /* HEZPropertiesCategory.m */,
				E764707518F53BAF00DECAA4 /* HEZPropertiesCollection.h */,
				E764707618F53BAF00DECAA4 /* HEZPropertiesCollection.m */,
				E764707818F53BCC00DECAA4 /* HEZProperty.h */,
				E764707918F53BCD00DECAA4 /* HEZProperty.m */,
				E764707E18F5767700DECAA4 /* HEZPropertyBindObserver.h */,
				E764707F18F5767700DECAA4 /* HEZPropertyBindObserver.m */,
			);
			path = HEZDynamicPropertiesDemo;
			sourceTree = "<group>";
		};
		E764704718F53A6200DECAA4 /* Supporting Files */ = {
			isa = PBXGroup;
			children = (
				E764704818F53A6200DECAA4 /* HEZDynamicPropertiesDemo-Info.plist */,
				E764704918F53A6200DECAA4 /* InfoPlist.strings */,
				E764704C18F53A6200DECAA4 /* main.m */,
				E764704E18F53A6200DECAA4 /* HEZDynamicPropertiesDemo-Prefix.pch */,
			);
			name = "Supporting Files";
			sourceTree = "<group>";
		};
		E764705F18F53A6200DECAA4 /* HEZDynamicPropertiesDemoTests */ = {
			isa = PBXGroup;
			children = (
				E764706518F53A6200DECAA4 /* HEZDynamicPropertiesDemoTests.m */,
				E764706018F53A6200DECAA4 /* Supporting Files */,
			);
			path = HEZDynamicPropertiesDemoTests;
			sourceTree = "<group>";
		};
		E764706018F53A6200DECAA4 /* Supporting Files */ = {
			isa = PBXGroup;
			children = (
				E764706118F53A6200DECAA4 /* HEZDynamicPropertiesDemoTests-Info.plist */,
				E764706218F53A6200DECAA4 /* InfoPlist.strings */,
			);
			name = "Supporting Files";
			sourceTree = "<group>";
		};
/* End PBXGroup section */

/* Begin PBXNativeTarget section */
		E764703C18F53A6200DECAA4 /* HEZDynamicPropertiesDemo */ = {
			isa = PBXNativeTarget;
			buildConfigurationList = E764706918F53A6200DECAA4 /* Build configuration list for PBXNativeTarget "HEZDynamicPropertiesDemo" */;
			buildPhases = (
				E764703918F53A6200DECAA4 /* Sources */,
				E764703A18F53A6200DECAA4 /* Frameworks */,
				E764703B18F53A6200DECAA4 /* Resources */,
			);
			buildRules = (
			);
			dependencies = (
			);
			name = HEZDynamicPropertiesDemo;
			productName = HEZDynamicPropertiesDemo;
			productReference = E764703D18F53A6200DECAA4 /* HEZDynamicPropertiesDemo.app */;
			productType = "com.apple.product-type.application";
		};
		E764705718F53A6200DECAA4 /* HEZDynamicPropertiesDemoTests */ = {
			isa = PBXNativeTarget;
			buildConfigurationList = E764706C18F53A6200DECAA4 /* Build configuration list for PBXNativeTarget "HEZDynamicPropertiesDemoTests" */;
			buildPhases = (
				E764705418F53A6200DECAA4 /* Sources */,
				E764705518F53A6200DECAA4 /* Frameworks */,
				E764705618F53A6200DECAA4 /* Resources */,
			);
			buildRules = (
			);
			dependencies = (
				E764705E18F53A6200DECAA4 /* PBXTargetDependency */,
			);
			name = HEZDynamicPropertiesDemoTests;
			productName = HEZDynamicPropertiesDemoTests;
			productReference = E764705818F53A6200DECAA4 /* HEZDynamicPropertiesDemoTests.xctest */;
			productType = "com.apple.product-type.bundle.unit-test";
		};
/* End PBXNativeTarget section */

/* Begin PBXProject section */
		E764703518F53A6200DECAA4 /* Project object */ = {
			isa = PBXProject;
			attributes = {
				CLASSPREFIX = HEZ;
				LastUpgradeCheck = 0510;
				ORGANIZATIONNAME = "Hezi Cohen";
				TargetAttributes = {
					E764705718F53A6200DECAA4 = {
						TestTargetID = E764703C18F53A6200DECAA4;
					};
				};
			};
			buildConfigurationList = E764703818F53A6200DECAA4 /* Build configuration list for PBXProject "HEZDynamicPropertiesDemo" */;
			compatibilityVersion = "Xcode 3.2";
			developmentRegion = English;
			hasScannedForEncodings = 0;
			knownRegions = (
				en,
			);
			mainGroup = E764703418F53A6200DECAA4;
			productRefGroup = E764703E18F53A6200DECAA4 /* Products */;
			projectDirPath = "";
			projectRoot = "";
			targets = (
				E764703C18F53A6200DECAA4 /* HEZDynamicPropertiesDemo */,
				E764705718F53A6200DECAA4 /* HEZDynamicPropertiesDemoTests */,
			);
		};
/* End PBXProject section */

/* Begin PBXResourcesBuildPhase section */
		E764703B18F53A6200DECAA4 /* Resources */ = {
			isa = PBXResourcesBuildPhase;
			buildActionMask = 2147483647;
			files = (
				E764704B18F53A6200DECAA4 /* InfoPlist.strings in Resources */,
				E764705318F53A6200DECAA4 /* Images.xcassets in Resources */,
			);
			runOnlyForDeploymentPostprocessing = 0;
		};
		E764705618F53A6200DECAA4 /* Resources */ = {
			isa = PBXResourcesBuildPhase;
			buildActionMask = 2147483647;
			files = (
				E764706418F53A6200DECAA4 /* InfoPlist.strings in Resources */,
			);
			runOnlyForDeploymentPostprocessing = 0;
		};
/* End PBXResourcesBuildPhase section */

/* Begin PBXSourcesBuildPhase section */
		E764703918F53A6200DECAA4 /* Sources */ = {
			isa = PBXSourcesBuildPhase;
			buildActionMask = 2147483647;
			files = (
				E764707418F53B3900DECAA4 /* HEZPropertiesCategory.m in Sources */,
				E764705118F53A6200DECAA4 /* HEZAppDelegate.m in Sources */,
				E764707A18F53BCD00DECAA4 /* HEZProperty.m in Sources */,
				E764708018F5767700DECAA4 /* HEZPropertyBindObserver.m in Sources */,
				E764707718F53BAF00DECAA4 /* HEZPropertiesCollection.m in Sources */,
				E764707118F53B2300DECAA4 /* HEZPropertiesStore.m in Sources */,
				E764704D18F53A6200DECAA4 /* main.m in Sources */,
			);
			runOnlyForDeploymentPostprocessing = 0;
		};
		E764705418F53A6200DECAA4 /* Sources */ = {
			isa = PBXSourcesBuildPhase;
			buildActionMask = 2147483647;
			files = (
				E764706618F53A6200DECAA4 /* HEZDynamicPropertiesDemoTests.m in Sources */,
			);
			runOnlyForDeploymentPostprocessing = 0;
		};
/* End PBXSourcesBuildPhase section */

/* Begin PBXTargetDependency section */
		E764705E18F53A6200DECAA4 /* PBXTargetDependency */ = {
			isa = PBXTargetDependency;
			target = E764703C18F53A6200DECAA4 /* HEZDynamicPropertiesDemo */;
			targetProxy = E764705D18F53A6200DECAA4 /* PBXContainerItemProxy */;
		};
/* End PBXTargetDependency section */

/* Begin PBXVariantGroup section */
		E764704918F53A6200DECAA4 /* InfoPlist.strings */ = {
			isa = PBXVariantGroup;
			children = (
				E764704A18F53A6200DECAA4 /* en */,
			);
			name = InfoPlist.strings;
			sourceTree = "<group>";
		};
		E764706218F53A6200DECAA4 /* InfoPlist.strings */ = {
			isa = PBXVariantGroup;
			children = (
				E764706318F53A6200DECAA4 /* en */,
			);
			name = InfoPlist.strings;
			sourceTree = "<group>";
		};
/* End PBXVariantGroup section */

/* Begin XCBuildConfiguration section */
		E764706718F53A6200DECAA4 /* Debug */ = {
			isa = XCBuildConfiguration;
			buildSettings = {
				ALWAYS_SEARCH_USER_PATHS = NO;
				CLANG_CXX_LANGUAGE_STANDARD = "gnu++0x";
				CLANG_CXX_LIBRARY = "libc++";
				CLANG_ENABLE_MODULES = YES;
				CLANG_ENABLE_OBJC_ARC = YES;
				CLANG_WARN_BOOL_CONVERSION = YES;
				CLANG_WARN_CONSTANT_CONVERSION = YES;
				CLANG_WARN_DIRECT_OBJC_ISA_USAGE = YES_ERROR;
				CLANG_WARN_EMPTY_BODY = YES;
				CLANG_WARN_ENUM_CONVERSION = YES;
				CLANG_WARN_INT_CONVERSION = YES;
				CLANG_WARN_OBJC_ROOT_CLASS = YES_ERROR;
				CLANG_WARN__DUPLICATE_METHOD_MATCH = YES;
				"CODE_SIGN_IDENTITY[sdk=iphoneos*]" = "iPhone Developer";
				COPY_PHASE_STRIP = NO;
				GCC_C_LANGUAGE_STANDARD = gnu99;
				GCC_DYNAMIC_NO_PIC = NO;
				GCC_OPTIMIZATION_LEVEL = 0;
				GCC_PREPROCESSOR_DEFINITIONS = (
					"DEBUG=1",
					"$(inherited)",
				);
				GCC_SYMBOLS_PRIVATE_EXTERN = NO;
				GCC_WARN_64_TO_32_BIT_CONVERSION = YES;
				GCC_WARN_ABOUT_RETURN_TYPE = YES_ERROR;
				GCC_WARN_UNDECLARED_SELECTOR = YES;
				GCC_WARN_UNINITIALIZED_AUTOS = YES_AGGRESSIVE;
				GCC_WARN_UNUSED_FUNCTION = YES;
				GCC_WARN_UNUSED_VARIABLE = YES;
				IPHONEOS_DEPLOYMENT_TARGET = 7.1;
				ONLY_ACTIVE_ARCH = YES;
				SDKROOT = iphoneos;
			};
			name = Debug;
		};
		E764706818F53A6200DECAA4 /* Release */ = {
			isa = XCBuildConfiguration;
			buildSettings = {
				ALWAYS_SEARCH_USER_PATHS = NO;
				CLANG_CXX_LANGUAGE_STANDARD = "gnu++0x";
				CLANG_CXX_LIBRARY = "libc++";
				CLANG_ENABLE_MODULES = YES;
				CLANG_ENABLE_OBJC_ARC = YES;
				CLANG_WARN_BOOL_CONVERSION = YES;
				CLANG_WARN_CONSTANT_CONVERSION = YES;
				CLANG_WARN_DIRECT_OBJC_ISA_USAGE = YES_ERROR;
				CLANG_WARN_EMPTY_BODY = YES;
				CLANG_WARN_ENUM_CONVERSION = YES;
				CLANG_WARN_INT_CONVERSION = YES;
				CLANG_WARN_OBJC_ROOT_CLASS = YES_ERROR;
				CLANG_WARN__DUPLICATE_METHOD_MATCH = YES;
				"CODE_SIGN_IDENTITY[sdk=iphoneos*]" = "iPhone Developer";
				COPY_PHASE_STRIP = YES;
				ENABLE_NS_ASSERTIONS = NO;
				GCC_C_LANGUAGE_STANDARD = gnu99;
				GCC_WARN_64_TO_32_BIT_CONVERSION = YES;
				GCC_WARN_ABOUT_RETURN_TYPE = YES_ERROR;
				GCC_WARN_UNDECLARED_SELECTOR = YES;
				GCC_WARN_UNINITIALIZED_AUTOS = YES_AGGRESSIVE;
				GCC_WARN_UNUSED_FUNCTION = YES;
				GCC_WARN_UNUSED_VARIABLE = YES;
				IPHONEOS_DEPLOYMENT_TARGET = 7.1;
				SDKROOT = iphoneos;
				VALIDATE_PRODUCT = YES;
			};
			name = Release;
		};
		E764706A18F53A6200DECAA4 /* Debug */ = {
			isa = XCBuildConfiguration;
			buildSettings = {
				ASSETCATALOG_COMPILER_APPICON_NAME = AppIcon;
				ASSETCATALOG_COMPILER_LAUNCHIMAGE_NAME = LaunchImage;
				GCC_PRECOMPILE_PREFIX_HEADER = YES;
				GCC_PREFIX_HEADER = "HEZDynamicPropertiesDemo/HEZDynamicPropertiesDemo-Prefix.pch";
				INFOPLIST_FILE = "HEZDynamicPropertiesDemo/HEZDynamicPropertiesDemo-Info.plist";
				PRODUCT_NAME = "$(TARGET_NAME)";
				WRAPPER_EXTENSION = app;
			};
			name = Debug;
		};
		E764706B18F53A6200DECAA4 /* Release */ = {
			isa = XCBuildConfiguration;
			buildSettings = {
				ASSETCATALOG_COMPILER_APPICON_NAME = AppIcon;
				ASSETCATALOG_COMPILER_LAUNCHIMAGE_NAME = LaunchImage;
				GCC_PRECOMPILE_PREFIX_HEADER = YES;
				GCC_PREFIX_HEADER = "HEZDynamicPropertiesDemo/HEZDynamicPropertiesDemo-Prefix.pch";
				INFOPLIST_FILE = "HEZDynamicPropertiesDemo/HEZDynamicPropertiesDemo-Info.plist";
				PRODUCT_NAME = "$(TARGET_NAME)";
				WRAPPER_EXTENSION = app;
			};
			name = Release;
		};
		E764706D18F53A6200DECAA4 /* Debug */ = {
			isa = XCBuildConfiguration;
			buildSettings = {
				BUNDLE_LOADER = "$(BUILT_PRODUCTS_DIR)/HEZDynamicPropertiesDemo.app/HEZDynamicPropertiesDemo";
				FRAMEWORK_SEARCH_PATHS = (
					"$(SDKROOT)/Developer/Library/Frameworks",
					"$(inherited)",
					"$(DEVELOPER_FRAMEWORKS_DIR)",
				);
				GCC_PRECOMPILE_PREFIX_HEADER = YES;
				GCC_PREFIX_HEADER = "HEZDynamicPropertiesDemo/HEZDynamicPropertiesDemo-Prefix.pch";
				GCC_PREPROCESSOR_DEFINITIONS = (
					"DEBUG=1",
					"$(inherited)",
				);
				INFOPLIST_FILE = "HEZDynamicPropertiesDemoTests/HEZDynamicPropertiesDemoTests-Info.plist";
				PRODUCT_NAME = "$(TARGET_NAME)";
				TEST_HOST = "$(BUNDLE_LOADER)";
				WRAPPER_EXTENSION = xctest;
			};
			name = Debug;
		};
		E764706E18F53A6200DECAA4 /* Release */ = {
			isa = XCBuildConfiguration;
			buildSettings = {
				BUNDLE_LOADER = "$(BUILT_PRODUCTS_DIR)/HEZDynamicPropertiesDemo.app/HEZDynamicPropertiesDemo";
				FRAMEWORK_SEARCH_PATHS = (
					"$(SDKROOT)/Developer/Library/Frameworks",
					"$(inherited)",
					"$(DEVELOPER_FRAMEWORKS_DIR)",
				);
				GCC_PRECOMPILE_PREFIX_HEADER = YES;
				GCC_PREFIX_HEADER = "HEZDynamicPropertiesDemo/HEZDynamicPropertiesDemo-Prefix.pch";
				INFOPLIST_FILE = "HEZDynamicPropertiesDemoTests/HEZDynamicPropertiesDemoTests-Info.plist";
				PRODUCT_NAME = "$(TARGET_NAME)";
				TEST_HOST = "$(BUNDLE_LOADER)";
				WRAPPER_EXTENSION = xctest;
			};
			name = Release;
		};
/* End XCBuildConfiguration section */

/* Begin XCConfigurationList section */
		E764703818F53A6200DECAA4 /* Build configuration list for PBXProject "HEZDynamicPropertiesDemo" */ = {
			isa = XCConfigurationList;
			buildConfigurations = (
				E764706718F53A6200DECAA4 /* Debug */,
				E764706818F53A6200DECAA4 /* Release */,
			);
			defaultConfigurationIsVisible = 0;
			defaultConfigurationName = Release;
		};
		E764706918F53A6200DECAA4 /* Build configuration list for PBXNativeTarget "HEZDynamicPropertiesDemo" */ = {
			isa = XCConfigurationList;
			buildConfigurations = (
				E764706A18F53A6200DECAA4 /* Debug */,
				E764706B18F53A6200DECAA4 /* Release */,
			);
			defaultConfigurationIsVisible = 0;
		};
		E764706C18F53A6200DECAA4 /* Build configuration list for PBXNativeTarget "HEZDynamicPropertiesDemoTests" */ = {
			isa = XCConfigurationList;
			buildConfigurations = (
				E764706D18F53A6200DECAA4 /* Debug */,
				E764706E18F53A6200DECAA4 /* Release */,
			);
			defaultConfigurationIsVisible = 0;
		};
/* End XCConfigurationList section */
	};
	rootObject = E764703518F53A6200DECAA4 /* Project object */;
}
